
Microsoft Visual Studio Solution File, Format Version 12.00
# Visual Studio Version 17
VisualStudioVersion = 17.13.35931.197 d17.13
MinimumVisualStudioVersion = 10.0.40219.1
Project("{888888A0-9F3D-457C-B088-3A5042F75D52}") = "ConsApp", "ConsApp.pyproj", "{05495289-65E0-4889-BDF9-01B6E0FE1DE7}"
EndProject
Global
	GlobalSection(SolutionConfigurationPlatforms) = preSolution
		Debug|Any CPU = Debug|Any CPU
		Release|Any CPU = Release|Any CPU
	EndGlobalSection
	GlobalSection(ProjectConfigurationPlatforms) = postSolution
		{05495289-65E0-4889-BDF9-01B6E0FE1DE7}.Debug|Any CPU.ActiveCfg = Debug|Any CPU
		{05495289-65E0-4889-BDF9-01B6E0FE1DE7}.Release|Any CPU.ActiveCfg = Release|Any CPU
	EndGlobalSection
	GlobalSection(SolutionProperties) = preSolution
		HideSolutionNode = FALSE
	EndGlobalSection
	GlobalSection(ExtensibilityGlobals) = postSolution
		SolutionGuid = {61F7F3E2-3C25-42E6-B272-B2F96D14B2EB}
	EndGlobalSection
EndGlobal
